<?xml version="1.0" encoding="utf-8"?>
<Project ToolsVersion="4.0" xmlns="http://schemas.microsoft.com/developer/msbuild/2003">
  <ItemGroup>
    <ClCompile Include="BlackJack.cpp" />
    <ClCompile Include="Card.cpp" />
    <ClCompile Include="Pattern.cpp" />
    <ClCompile Include="Source.cpp" />
    <ClCompile Include="RGBpixmap.cpp" />
    <ClCompile Include="tiny_obj_loader.cpp" />
    <ClCompile Include="Model3D.cpp" />
  </ItemGroup>
  <ItemGroup>
    <ClInclude Include="BlackJack.h" />
    <ClInclude Include="Card.h" />
    <ClInclude Include="Pattern.h" />
    <ClInclude Include="RGBpixmap.h" />
    <ClInclude Include="tiny_obj_loader.hpp" />
    <ClInclude Include="Model3D.h" />
  </ItemGroup>
</Project>